
Microsoft Visual Studio Solution File, Format Version 12.00
# Visual Studio 14
VisualStudioVersion = 14.0.24720.0
MinimumVisualStudioVersion = 10.0.40219.1
Project("{FAE04EC0-301F-11D3-BF4B-00C04F79EFBC}") = "QueryAnalyzer.Common", "QueryAnalyzer.Common\QueryAnalyzer.Common.csproj", "{930C1AC8-239E-487A-B70F-72F4496A18F2}"
EndProject
Project("{FAE04EC0-301F-11D3-BF4B-00C04F79EFBC}") = "QueryAnalyzer.Interfaces", "QueryAnalyzer.Interfaces\QueryAnalyzer.Interfaces.csproj", "{D07F46F2-DC85-41E1-AA8E-66F7A8F54AEA}"
EndProject
Project("{FAE04EC0-301F-11D3-BF4B-00C04F79EFBC}") = "QueryAnalyzer.Modules.OData", "QueryAnalyzer.OData\QueryAnalyzer.Modules.OData.csproj", "{E4D98203-267F-4E8A-8430-16763AEB118F}"
EndProject
Project("{FAE04EC0-301F-11D3-BF4B-00C04F79EFBC}") = "QueryAnalyzer.Modules.OData.Tests", "QueryAnalyzer.OData.Tests\QueryAnalyzer.Modules.OData.Tests.csproj", "{BBDCE15F-BBC8-495A-B45C-0D6EA40168FA}"
EndProject
Project("{FAE04EC0-301F-11D3-BF4B-00C04F79EFBC}") = "QueryAnalyzer.Common.Tests", "QueryAnalyzer.Common.Tests\QueryAnalyzer.Common.Tests.csproj", "{1B6ABA29-ACAC-45AF-B815-A795316FB67B}"
EndProject
Project("{2150E333-8FDC-42A3-9474-1A3956D46DE8}") = "Tests", "Tests", "{8E7DEE20-FDEF-4D94-AF1B-16EC7739B0C4}"
EndProject
Project("{2150E333-8FDC-42A3-9474-1A3956D46DE8}") = "Modules", "Modules", "{4C13EFB4-D4F8-44FD-9DC5-FC514B1ABF1C}"
EndProject
Project("{FAE04EC0-301F-11D3-BF4B-00C04F79EFBC}") = "QueryAnalyzer", "QueryAnalyzer\QueryAnalyzer.csproj", "{4E35AC49-D440-44C7-B1AC-DEF822151733}"
EndProject
Project("{2150E333-8FDC-42A3-9474-1A3956D46DE8}") = "Packages", "Packages", "{E6C57A20-55CA-4A26-BA94-9D88D587F4B5}"
	ProjectSection(SolutionItems) = preProject
		NugetPackages\QueryAnalyzer.1.0.17.2377.nupkg = NugetPackages\QueryAnalyzer.1.0.17.2377.nupkg
	EndProjectSection
EndProject
Project("{2150E333-8FDC-42A3-9474-1A3956D46DE8}") = "Specs", "Specs", "{D6D2E9D8-A9C8-4376-B4B7-A6490B8F7C0D}"
	ProjectSection(SolutionItems) = preProject
		QueryAnalyzer\QueryAnalyzer.nuspec = QueryAnalyzer\QueryAnalyzer.nuspec
	EndProjectSection
EndProject
Project("{FAE04EC0-301F-11D3-BF4B-00C04F79EFBC}") = "QueryAnalyzer.Modules.JSON", "QueryAnalyzer.Modules.JSON\QueryAnalyzer.Modules.JSON.csproj", "{203F8B5F-C258-4AA6-A1B4-118DC497D2E1}"
EndProject
Project("{2150E333-8FDC-42A3-9474-1A3956D46DE8}") = "Clients", "Clients", "{E37D4D56-B055-4157-B7D2-B899D782BEE0}"
EndProject
Project("{FAE04EC0-301F-11D3-BF4B-00C04F79EFBC}") = "QueryAnalyzer.CDN", "QueryAnalyzer.CDN\QueryAnalyzer.CDN.csproj", "{3D905EC9-7898-459C-AFB9-768DB5FF2741}"
EndProject
Project("{FAE04EC0-301F-11D3-BF4B-00C04F79EFBC}") = "QueryAnalyzer.Clients.Web", "QueryAnalyzer.Clients.Web\QueryAnalyzer.Clients.Web.csproj", "{4A943ED7-1668-4765-B6CC-6AE4C5D04EA7}"
EndProject
Project("{2150E333-8FDC-42A3-9474-1A3956D46DE8}") = "API", "API", "{44B4418E-2A00-43A1-9251-EDA8011004FA}"
EndProject
Project("{FAE04EC0-301F-11D3-BF4B-00C04F79EFBC}") = "QueryAnalyzer.API", "QueryAnalyzer.API\QueryAnalyzer.API.csproj", "{5BF29E36-A50A-4993-8269-8F0DB1F359E6}"
EndProject
Project("{2150E333-8FDC-42A3-9474-1A3956D46DE8}") = "PublishScripts", "PublishScripts", "{99BECC56-A9CE-4B79-BB23-949BD2652568}"
EndProject
Project("{2150E333-8FDC-42A3-9474-1A3956D46DE8}") = "Scripts", "Scripts", "{303067B5-4B8B-4F65-846D-5015CCE9ED92}"
EndProject
Project("{2150E333-8FDC-42A3-9474-1A3956D46DE8}") = "Templates", "Templates", "{E28B2D6E-CE46-4BA7-9BB9-224F3F56CD79}"
	ProjectSection(SolutionItems) = preProject
		PublishScripts\Templates\QueryAnalyzerAPI.json = PublishScripts\Templates\QueryAnalyzerAPI.json
		PublishScripts\Templates\QueryAnalyzerAPI.param.dev.json = PublishScripts\Templates\QueryAnalyzerAPI.param.dev.json
	EndProjectSection
EndProject
Project("{2150E333-8FDC-42A3-9474-1A3956D46DE8}") = "Solution Items", "Solution Items", "{119808FC-EB63-4FB5-B67C-AE7573D7BE53}"
	ProjectSection(SolutionItems) = preProject
		README.md = README.md
	EndProjectSection
EndProject
Global
	GlobalSection(SolutionConfigurationPlatforms) = preSolution
		Debug|Any CPU = Debug|Any CPU
		Release|Any CPU = Release|Any CPU
	EndGlobalSection
	GlobalSection(ProjectConfigurationPlatforms) = postSolution
		{930C1AC8-239E-487A-B70F-72F4496A18F2}.Debug|Any CPU.ActiveCfg = Debug|Any CPU
		{930C1AC8-239E-487A-B70F-72F4496A18F2}.Debug|Any CPU.Build.0 = Debug|Any CPU
		{930C1AC8-239E-487A-B70F-72F4496A18F2}.Release|Any CPU.ActiveCfg = Release|Any CPU
		{930C1AC8-239E-487A-B70F-72F4496A18F2}.Release|Any CPU.Build.0 = Release|Any CPU
		{D07F46F2-DC85-41E1-AA8E-66F7A8F54AEA}.Debug|Any CPU.ActiveCfg = Debug|Any CPU
		{D07F46F2-DC85-41E1-AA8E-66F7A8F54AEA}.Debug|Any CPU.Build.0 = Debug|Any CPU
		{D07F46F2-DC85-41E1-AA8E-66F7A8F54AEA}.Release|Any CPU.ActiveCfg = Release|Any CPU
		{D07F46F2-DC85-41E1-AA8E-66F7A8F54AEA}.Release|Any CPU.Build.0 = Release|Any CPU
		{E4D98203-267F-4E8A-8430-16763AEB118F}.Debug|Any CPU.ActiveCfg = Debug|Any CPU
		{E4D98203-267F-4E8A-8430-16763AEB118F}.Debug|Any CPU.Build.0 = Debug|Any CPU
		{E4D98203-267F-4E8A-8430-16763AEB118F}.Release|Any CPU.ActiveCfg = Release|Any CPU
		{E4D98203-267F-4E8A-8430-16763AEB118F}.Release|Any CPU.Build.0 = Release|Any CPU
		{BBDCE15F-BBC8-495A-B45C-0D6EA40168FA}.Debug|Any CPU.ActiveCfg = Debug|Any CPU
		{BBDCE15F-BBC8-495A-B45C-0D6EA40168FA}.Debug|Any CPU.Build.0 = Debug|Any CPU
		{BBDCE15F-BBC8-495A-B45C-0D6EA40168FA}.Release|Any CPU.ActiveCfg = Release|Any CPU
		{BBDCE15F-BBC8-495A-B45C-0D6EA40168FA}.Release|Any CPU.Build.0 = Release|Any CPU
		{1B6ABA29-ACAC-45AF-B815-A795316FB67B}.Debug|Any CPU.ActiveCfg = Debug|Any CPU
		{1B6ABA29-ACAC-45AF-B815-A795316FB67B}.Debug|Any CPU.Build.0 = Debug|Any CPU
		{1B6ABA29-ACAC-45AF-B815-A795316FB67B}.Release|Any CPU.ActiveCfg = Release|Any CPU
		{1B6ABA29-ACAC-45AF-B815-A795316FB67B}.Release|Any CPU.Build.0 = Release|Any CPU
		{4E35AC49-D440-44C7-B1AC-DEF822151733}.Debug|Any CPU.ActiveCfg = Debug|Any CPU
		{4E35AC49-D440-44C7-B1AC-DEF822151733}.Debug|Any CPU.Build.0 = Debug|Any CPU
		{4E35AC49-D440-44C7-B1AC-DEF822151733}.Release|Any CPU.ActiveCfg = Release|Any CPU
		{4E35AC49-D440-44C7-B1AC-DEF822151733}.Release|Any CPU.Build.0 = Release|Any CPU
		{203F8B5F-C258-4AA6-A1B4-118DC497D2E1}.Debug|Any CPU.ActiveCfg = Debug|Any CPU
		{203F8B5F-C258-4AA6-A1B4-118DC497D2E1}.Debug|Any CPU.Build.0 = Debug|Any CPU
		{203F8B5F-C258-4AA6-A1B4-118DC497D2E1}.Release|Any CPU.ActiveCfg = Release|Any CPU
		{203F8B5F-C258-4AA6-A1B4-118DC497D2E1}.Release|Any CPU.Build.0 = Release|Any CPU
		{3D905EC9-7898-459C-AFB9-768DB5FF2741}.Debug|Any CPU.ActiveCfg = Debug|Any CPU
		{3D905EC9-7898-459C-AFB9-768DB5FF2741}.Debug|Any CPU.Build.0 = Debug|Any CPU
		{3D905EC9-7898-459C-AFB9-768DB5FF2741}.Release|Any CPU.ActiveCfg = Release|Any CPU
		{3D905EC9-7898-459C-AFB9-768DB5FF2741}.Release|Any CPU.Build.0 = Release|Any CPU
		{4A943ED7-1668-4765-B6CC-6AE4C5D04EA7}.Debug|Any CPU.ActiveCfg = Debug|Any CPU
		{4A943ED7-1668-4765-B6CC-6AE4C5D04EA7}.Debug|Any CPU.Build.0 = Debug|Any CPU
		{4A943ED7-1668-4765-B6CC-6AE4C5D04EA7}.Release|Any CPU.ActiveCfg = Release|Any CPU
		{4A943ED7-1668-4765-B6CC-6AE4C5D04EA7}.Release|Any CPU.Build.0 = Release|Any CPU
		{5BF29E36-A50A-4993-8269-8F0DB1F359E6}.Debug|Any CPU.ActiveCfg = Debug|Any CPU
		{5BF29E36-A50A-4993-8269-8F0DB1F359E6}.Debug|Any CPU.Build.0 = Debug|Any CPU
		{5BF29E36-A50A-4993-8269-8F0DB1F359E6}.Release|Any CPU.ActiveCfg = Release|Any CPU
		{5BF29E36-A50A-4993-8269-8F0DB1F359E6}.Release|Any CPU.Build.0 = Release|Any CPU
	EndGlobalSection
	GlobalSection(SolutionProperties) = preSolution
		HideSolutionNode = FALSE
	EndGlobalSection
	GlobalSection(NestedProjects) = preSolution
		{E4D98203-267F-4E8A-8430-16763AEB118F} = {4C13EFB4-D4F8-44FD-9DC5-FC514B1ABF1C}
		{BBDCE15F-BBC8-495A-B45C-0D6EA40168FA} = {8E7DEE20-FDEF-4D94-AF1B-16EC7739B0C4}
		{1B6ABA29-ACAC-45AF-B815-A795316FB67B} = {8E7DEE20-FDEF-4D94-AF1B-16EC7739B0C4}
		{D6D2E9D8-A9C8-4376-B4B7-A6490B8F7C0D} = {E6C57A20-55CA-4A26-BA94-9D88D587F4B5}
		{203F8B5F-C258-4AA6-A1B4-118DC497D2E1} = {4C13EFB4-D4F8-44FD-9DC5-FC514B1ABF1C}
		{3D905EC9-7898-459C-AFB9-768DB5FF2741} = {E37D4D56-B055-4157-B7D2-B899D782BEE0}
		{4A943ED7-1668-4765-B6CC-6AE4C5D04EA7} = {E37D4D56-B055-4157-B7D2-B899D782BEE0}
		{5BF29E36-A50A-4993-8269-8F0DB1F359E6} = {44B4418E-2A00-43A1-9251-EDA8011004FA}
		{303067B5-4B8B-4F65-846D-5015CCE9ED92} = {99BECC56-A9CE-4B79-BB23-949BD2652568}
		{E28B2D6E-CE46-4BA7-9BB9-224F3F56CD79} = {99BECC56-A9CE-4B79-BB23-949BD2652568}
	EndGlobalSection
EndGlobal
